
Microsoft Visual Studio Solution File, Format Version 12.00
# Visual Studio Version 16
VisualStudioVersion = 16.0.30011.22
MinimumVisualStudioVersion = 10.0.40219.1
Project("{FAE04EC0-301F-11D3-BF4B-00C04F79EFBC}") = "POO3A196", "POO3A10\POO3A196.csproj", "{44A23522-72E4-4E0B-A28E-607892638F64}"
EndProject
Global
	GlobalSection(SolutionConfigurationPlatforms) = preSolution
		Debug|Any CPU = Debug|Any CPU
		Release|Any CPU = Release|Any CPU
	EndGlobalSection
	GlobalSection(ProjectConfigurationPlatforms) = postSolution
		{44A23522-72E4-4E0B-A28E-607892638F64}.Debug|Any CPU.ActiveCfg = Debug|Any CPU
		{44A23522-72E4-4E0B-A28E-607892638F64}.Debug|Any CPU.Build.0 = Debug|Any CPU
		{44A23522-72E4-4E0B-A28E-607892638F64}.Release|Any CPU.ActiveCfg = Release|Any CPU
		{44A23522-72E4-4E0B-A28E-607892638F64}.Release|Any CPU.Build.0 = Release|Any CPU
	EndGlobalSection
	GlobalSection(SolutionProperties) = preSolution
		HideSolutionNode = FALSE
	EndGlobalSection
	GlobalSection(ExtensibilityGlobals) = postSolution
		SolutionGuid = {ED770C3C-2000-4B1F-B15A-104923E56F0F}
	EndGlobalSection
EndGlobal
